{
  "name": "noaa-file-watcher",
  "version": "1.0.0",
  "lockfileVersion": 3,
  "requires": true,
  "packages": {
    "": {
      "name": "noaa-file-watcher",
      "version": "1.0.0",
      "license": "MIT",
      "dependencies": {
        "@r-hurricane/atcf-parser": "1.0.0-alpha.1",
        "@r-hurricane/wmo-parser": "1.0.0-alpha.1",
        "@sendgrid/mail": "^8.1.4",
        "basic-ftp": "^5.0.5",
        "but-unzip": "^0.1.4",
        "config": "^3.3.12",
        "date-fns": "^4.1.0",
        "shpjs": "^6.1.0",
        "winston": "^3.17.0",
        "winston-daily-rotate-file": "^5.0.0"
      },
      "devDependencies": {
        "@types/config": "^3.3.5",
        "@types/node": "^22.10.1",
        "typescript": "^5.7.2"
      }
    },
    "../atcf-parser": {
      "name": "@r-hurricane/atcf-parser",
      "version": "1.0.0-alpha.1",
      "license": "MIT",
      "bin": {
        "atcf2json": "dist/bin/atcf2json.js"
      },
      "devDependencies": {
        "@types/node": "^22.10.1",
        "typescript": "^5.7.2"
      }
    },
    "../atcf-parser/node_modules/@types/node": {
      "version": "22.10.2",
      "dev": true,
      "license": "MIT",
      "dependencies": {
        "undici-types": "~6.20.0"
      }
    },
    "../atcf-parser/node_modules/typescript": {
      "version": "5.7.2",
      "dev": true,
      "license": "Apache-2.0",
      "bin": {
        "tsc": "bin/tsc",
        "tsserver": "bin/tsserver"
      },
      "engines": {
        "node": ">=14.17"
      }
    },
    "../atcf-parser/node_modules/undici-types": {
      "version": "6.20.0",
      "dev": true,
      "license": "MIT"
    },
    "../wmo-parser": {
      "name": "@r-hurricane/wmo-parser",
      "version": "1.0.0-alpha.1",
      "license": "MIT",
      "dependencies": {
        "date-fns": "^4.1.0"
      },
      "bin": {
        "wmo2json": "dist/bin/wmo2json.js"
      },
      "devDependencies": {
        "@types/node": "^22.10.1",
        "typescript": "^5.7.2"
      }
    },
    "../wmo-parser/node_modules/@types/node": {
      "version": "22.10.2",
      "dev": true,
      "license": "MIT",
      "dependencies": {
        "undici-types": "~6.20.0"
      }
    },
    "../wmo-parser/node_modules/date-fns": {
      "version": "4.1.0",
      "license": "MIT",
      "funding": {
        "type": "github",
        "url": "https://github.com/sponsors/kossnocorp"
      }
    },
    "../wmo-parser/node_modules/typescript": {
      "version": "5.7.2",
      "dev": true,
      "license": "Apache-2.0",
      "bin": {
        "tsc": "bin/tsc",
        "tsserver": "bin/tsserver"
      },
      "engines": {
        "node": ">=14.17"
      }
    },
    "../wmo-parser/node_modules/undici-types": {
      "version": "6.20.0",
      "dev": true,
      "license": "MIT"
    },
    "node_modules/@colors/colors": {
      "version": "1.6.0",
      "license": "MIT",
      "engines": {
        "node": ">=0.1.90"
      }
    },
    "node_modules/@dabh/diagnostics": {
      "version": "2.0.3",
      "license": "MIT",
      "dependencies": {
        "colorspace": "1.1.x",
        "enabled": "2.0.x",
        "kuler": "^2.0.0"
      }
    },
    "node_modules/@r-hurricane/atcf-parser": {
      "resolved": "../atcf-parser",
      "link": true
    },
    "node_modules/@r-hurricane/wmo-parser": {
      "resolved": "../wmo-parser",
      "link": true
    },
    "node_modules/@sendgrid/client": {
      "version": "8.1.4",
      "license": "MIT",
      "dependencies": {
        "@sendgrid/helpers": "^8.0.0",
        "axios": "^1.7.4"
      },
      "engines": {
        "node": ">=12.*"
      }
    },
    "node_modules/@sendgrid/helpers": {
      "version": "8.0.0",
      "license": "MIT",
      "dependencies": {
        "deepmerge": "^4.2.2"
      },
      "engines": {
        "node": ">= 12.0.0"
      }
    },
    "node_modules/@sendgrid/mail": {
      "version": "8.1.4",
      "license": "MIT",
      "dependencies": {
        "@sendgrid/client": "^8.1.4",
        "@sendgrid/helpers": "^8.0.0"
      },
      "engines": {
        "node": ">=12.*"
      }
    },
    "node_modules/@types/config": {
      "version": "3.3.5",
      "dev": true,
      "license": "MIT"
    },
    "node_modules/@types/node": {
      "version": "22.10.1",
      "dev": true,
      "license": "MIT",
      "dependencies": {
        "undici-types": "~6.20.0"
      }
    },
    "node_modules/@types/triple-beam": {
      "version": "1.3.5",
      "license": "MIT"
    },
    "node_modules/async": {
      "version": "3.2.6",
      "license": "MIT"
    },
    "node_modules/asynckit": {
      "version": "0.4.0",
      "license": "MIT"
    },
    "node_modules/axios": {
      "version": "1.7.9",
      "license": "MIT",
      "dependencies": {
        "follow-redirects": "^1.15.6",
        "form-data": "^4.0.0",
        "proxy-from-env": "^1.1.0"
      }
    },
    "node_modules/basic-ftp": {
      "version": "5.0.5",
      "license": "MIT",
      "engines": {
        "node": ">=10.0.0"
      }
    },
    "node_modules/but-unzip": {
      "version": "0.1.4",
      "resolved": "https://registry.npmjs.org/but-unzip/-/but-unzip-0.1.4.tgz",
      "integrity": "sha512-Q5/55MTk0PHjxtYyZBbhIVMJP0+FNc/AOKBrrnqaxnbJR4I7w+R4CMRNYMxUQrKmCLrih7D1p4/nwZHMn7IToA==",
      "license": "Apache-2.0"
    },
    "node_modules/color": {
      "version": "3.2.1",
      "license": "MIT",
      "dependencies": {
        "color-convert": "^1.9.3",
        "color-string": "^1.6.0"
      }
    },
    "node_modules/color-convert": {
      "version": "1.9.3",
      "license": "MIT",
      "dependencies": {
        "color-name": "1.1.3"
      }
    },
    "node_modules/color-name": {
      "version": "1.1.3",
      "license": "MIT"
    },
    "node_modules/color-string": {
      "version": "1.9.1",
      "license": "MIT",
      "dependencies": {
        "color-name": "^1.0.0",
        "simple-swizzle": "^0.2.2"
      }
    },
    "node_modules/colorspace": {
      "version": "1.1.4",
      "license": "MIT",
      "dependencies": {
        "color": "^3.1.3",
        "text-hex": "1.0.x"
      }
    },
    "node_modules/combined-stream": {
      "version": "1.0.8",
      "license": "MIT",
      "dependencies": {
        "delayed-stream": "~1.0.0"
      },
      "engines": {
        "node": ">= 0.8"
      }
    },
    "node_modules/config": {
      "version": "3.3.12",
      "license": "MIT",
      "dependencies": {
        "json5": "^2.2.3"
      },
      "engines": {
        "node": ">= 10.0.0"
      }
    },
    "node_modules/date-fns": {
      "version": "4.1.0",
      "license": "MIT",
      "funding": {
        "type": "github",
        "url": "https://github.com/sponsors/kossnocorp"
      }
    },
    "node_modules/deepmerge": {
      "version": "4.3.1",
      "license": "MIT",
      "engines": {
        "node": ">=0.10.0"
      }
    },
    "node_modules/delayed-stream": {
      "version": "1.0.0",
      "license": "MIT",
      "engines": {
        "node": ">=0.4.0"
      }
    },
    "node_modules/enabled": {
      "version": "2.0.0",
      "license": "MIT"
    },
    "node_modules/fecha": {
      "version": "4.2.3",
      "license": "MIT"
    },
    "node_modules/file-stream-rotator": {
      "version": "0.6.1",
      "license": "MIT",
      "dependencies": {
        "moment": "^2.29.1"
      }
    },
    "node_modules/fn.name": {
      "version": "1.1.0",
      "license": "MIT"
    },
    "node_modules/follow-redirects": {
      "version": "1.15.9",
      "funding": [
        {
          "type": "individual",
          "url": "https://github.com/sponsors/RubenVerborgh"
        }
      ],
      "license": "MIT",
      "engines": {
        "node": ">=4.0"
      },
      "peerDependenciesMeta": {
        "debug": {
          "optional": true
        }
      }
    },
    "node_modules/form-data": {
      "version": "4.0.1",
      "license": "MIT",
      "dependencies": {
        "asynckit": "^0.4.0",
        "combined-stream": "^1.0.8",
        "mime-types": "^2.1.12"
      },
      "engines": {
        "node": ">= 6"
      }
    },
    "node_modules/inherits": {
      "version": "2.0.4",
      "license": "ISC"
    },
    "node_modules/is-arrayish": {
      "version": "0.3.2",
      "license": "MIT"
    },
    "node_modules/is-stream": {
      "version": "2.0.1",
      "license": "MIT",
      "engines": {
        "node": ">=8"
      },
      "funding": {
        "url": "https://github.com/sponsors/sindresorhus"
      }
    },
    "node_modules/json5": {
      "version": "2.2.3",
      "license": "MIT",
      "bin": {
        "json5": "lib/cli.js"
      },
      "engines": {
        "node": ">=6"
      }
    },
    "node_modules/kuler": {
      "version": "2.0.0",
      "license": "MIT"
    },
    "node_modules/logform": {
      "version": "2.7.0",
      "license": "MIT",
      "dependencies": {
        "@colors/colors": "1.6.0",
        "@types/triple-beam": "^1.3.2",
        "fecha": "^4.2.0",
        "ms": "^2.1.1",
        "safe-stable-stringify": "^2.3.1",
        "triple-beam": "^1.3.0"
      },
      "engines": {
        "node": ">= 12.0.0"
      }
    },
    "node_modules/mgrs": {
      "version": "1.0.0",
      "resolved": "https://registry.npmjs.org/mgrs/-/mgrs-1.0.0.tgz",
      "integrity": "sha512-awNbTOqCxK1DBGjalK3xqWIstBZgN6fxsMSiXLs9/spqWkF2pAhb2rrYCFSsr1/tT7PhcDGjZndG8SWYn0byYA==",
      "license": "MIT"
    },
    "node_modules/mime-db": {
      "version": "1.52.0",
      "license": "MIT",
      "engines": {
        "node": ">= 0.6"
      }
    },
    "node_modules/mime-types": {
      "version": "2.1.35",
      "license": "MIT",
      "dependencies": {
        "mime-db": "1.52.0"
      },
      "engines": {
        "node": ">= 0.6"
      }
    },
    "node_modules/moment": {
      "version": "2.30.1",
      "license": "MIT",
      "engines": {
        "node": "*"
      }
    },
    "node_modules/ms": {
      "version": "2.1.3",
      "license": "MIT"
    },
    "node_modules/object-hash": {
      "version": "3.0.0",
      "license": "MIT",
      "engines": {
        "node": ">= 6"
      }
    },
    "node_modules/one-time": {
      "version": "1.0.0",
      "license": "MIT",
      "dependencies": {
        "fn.name": "1.x.x"
      }
    },
    "node_modules/parsedbf": {
      "version": "2.0.0",
      "resolved": "https://registry.npmjs.org/parsedbf/-/parsedbf-2.0.0.tgz",
      "integrity": "sha512-WNjKn/cwgGBkXqQLif+2VMEahcRHkBRU0/RfBWZ7Vj7snRNNW63yW1mVuuHRDyXTRxuGCzAHHBcr/Fn+U/bXjQ==",
      "license": "MIT"
    },
    "node_modules/proj4": {
      "version": "2.15.0",
      "resolved": "https://registry.npmjs.org/proj4/-/proj4-2.15.0.tgz",
      "integrity": "sha512-LqCNEcPdI03BrCHxPLj29vsd5afsm+0sV1H/O3nTDKrv8/LA01ea1z4QADDMjUqxSXWnrmmQDjqFm1J/uZ5RLw==",
      "license": "MIT",
      "dependencies": {
        "mgrs": "1.0.0",
        "wkt-parser": "^1.4.0"
      }
    },
    "node_modules/proxy-from-env": {
      "version": "1.1.0",
      "license": "MIT"
    },
    "node_modules/readable-stream": {
      "version": "3.6.2",
      "license": "MIT",
      "dependencies": {
        "inherits": "^2.0.3",
        "string_decoder": "^1.1.1",
        "util-deprecate": "^1.0.1"
      },
      "engines": {
        "node": ">= 6"
      }
    },
    "node_modules/safe-buffer": {
      "version": "5.2.1",
      "funding": [
        {
          "type": "github",
          "url": "https://github.com/sponsors/feross"
        },
        {
          "type": "patreon",
          "url": "https://www.patreon.com/feross"
        },
        {
          "type": "consulting",
          "url": "https://feross.org/support"
        }
      ],
      "license": "MIT"
    },
    "node_modules/safe-stable-stringify": {
      "version": "2.5.0",
      "license": "MIT",
      "engines": {
        "node": ">=10"
      }
    },
    "node_modules/shpjs": {
      "version": "6.1.0",
      "resolved": "https://registry.npmjs.org/shpjs/-/shpjs-6.1.0.tgz",
      "integrity": "sha512-uaUpod7uIWetJK80yiiedZ3x4z9ZAPgDVT89N27+8F97Z8ZOqmu88P96I6CBC8N+YyERqdneZNT/wNFUEnzNpw==",
      "license": "MIT",
      "dependencies": {
        "but-unzip": "^0.1.4",
        "parsedbf": "^2.0.0",
        "proj4": "^2.1.4"
      }
    },
    "node_modules/simple-swizzle": {
      "version": "0.2.2",
      "license": "MIT",
      "dependencies": {
        "is-arrayish": "^0.3.1"
      }
    },
    "node_modules/stack-trace": {
      "version": "0.0.10",
      "license": "MIT",
      "engines": {
        "node": "*"
      }
    },
    "node_modules/string_decoder": {
      "version": "1.3.0",
      "license": "MIT",
      "dependencies": {
        "safe-buffer": "~5.2.0"
      }
    },
    "node_modules/text-hex": {
      "version": "1.0.0",
      "license": "MIT"
    },
    "node_modules/triple-beam": {
      "version": "1.4.1",
      "license": "MIT",
      "engines": {
        "node": ">= 14.0.0"
      }
    },
    "node_modules/typescript": {
      "version": "5.7.2",
      "dev": true,
      "license": "Apache-2.0",
      "bin": {
        "tsc": "bin/tsc",
        "tsserver": "bin/tsserver"
      },
      "engines": {
        "node": ">=14.17"
      }
    },
    "node_modules/undici-types": {
      "version": "6.20.0",
      "dev": true,
      "license": "MIT"
    },
    "node_modules/util-deprecate": {
      "version": "1.0.2",
      "license": "MIT"
    },
    "node_modules/winston": {
      "version": "3.17.0",
      "license": "MIT",
      "dependencies": {
        "@colors/colors": "^1.6.0",
        "@dabh/diagnostics": "^2.0.2",
        "async": "^3.2.3",
        "is-stream": "^2.0.0",
        "logform": "^2.7.0",
        "one-time": "^1.0.0",
        "readable-stream": "^3.4.0",
        "safe-stable-stringify": "^2.3.1",
        "stack-trace": "0.0.x",
        "triple-beam": "^1.3.0",
        "winston-transport": "^4.9.0"
      },
      "engines": {
        "node": ">= 12.0.0"
      }
    },
    "node_modules/winston-daily-rotate-file": {
      "version": "5.0.0",
      "license": "MIT",
      "dependencies": {
        "file-stream-rotator": "^0.6.1",
        "object-hash": "^3.0.0",
        "triple-beam": "^1.4.1",
        "winston-transport": "^4.7.0"
      },
      "engines": {
        "node": ">=8"
      },
      "peerDependencies": {
        "winston": "^3"
      }
    },
    "node_modules/winston-transport": {
      "version": "4.9.0",
      "license": "MIT",
      "dependencies": {
        "logform": "^2.7.0",
        "readable-stream": "^3.6.2",
        "triple-beam": "^1.3.0"
      },
      "engines": {
        "node": ">= 12.0.0"
      }
    },
    "node_modules/wkt-parser": {
      "version": "1.4.0",
      "resolved": "https://registry.npmjs.org/wkt-parser/-/wkt-parser-1.4.0.tgz",
      "integrity": "sha512-qpwO7Ihds/YYDTi1aADFTI1Sm9YC/tTe3SHD24EeIlZxy7Ik6a1b4HOz7jAi0xdUAw487duqpo8OGu+Tf4nwlQ==",
      "license": "MIT"
    }
  }
}
